// !$*UTF8*$!
{
	archiveVersion = 1;
	classes = {
	};
	objectVersion = 56;
	objects = {

/* Begin PBXBuildFile section */
		53D3EFBDDB8EDA667507B0B8 /* Pods_ShopSwiftUI.framework in Frameworks */ = {isa = PBXBuildFile; fileRef = B7B4FC49A4C318E902D99679 /* Pods_ShopSwiftUI.framework */; };
		58BE7A0629BFC37100F9A8DF /* ShopSwiftUIApp.swift in Sources */ = {isa = PBXBuildFile; fileRef = 58BE7A0529BFC37100F9A8DF /* ShopSwiftUIApp.swift */; };
		58BE7A0829BFC37100F9A8DF /* ContentView.swift in Sources */ = {isa = PBXBuildFile; fileRef = 58BE7A0729BFC37100F9A8DF /* ContentView.swift */; };
		58BE7A0A29BFC37400F9A8DF /* Assets.xcassets in Resources */ = {isa = PBXBuildFile; fileRef = 58BE7A0929BFC37400F9A8DF /* Assets.xcassets */; };
		58BE7A0D29BFC37400F9A8DF /* Preview Assets.xcassets in Resources */ = {isa = PBXBuildFile; fileRef = 58BE7A0C29BFC37400F9A8DF /* Preview Assets.xcassets */; };
		58BE7A0F29BFC37400F9A8DF /* Persistence.swift in Sources */ = {isa = PBXBuildFile; fileRef = 58BE7A0E29BFC37400F9A8DF /* Persistence.swift */; };
		58BE7A1229BFC37400F9A8DF /* ShopSwiftUI.xcdatamodeld in Sources */ = {isa = PBXBuildFile; fileRef = 58BE7A1029BFC37400F9A8DF /* ShopSwiftUI.xcdatamodeld */; };
/* End PBXBuildFile section */

/* Begin PBXFileReference section */
		053011E9503BF8D2254E3FF5 /* Pods-ShopSwiftUI.release.xcconfig */ = {isa = PBXFileReference; includeInIndex = 1; lastKnownFileType = text.xcconfig; name = "Pods-ShopSwiftUI.release.xcconfig"; path = "Target Support Files/Pods-ShopSwiftUI/Pods-ShopSwiftUI.release.xcconfig"; sourceTree = "<group>"; };
		58BE7A0229BFC37100F9A8DF /* ShopSwiftUI.app */ = {isa = PBXFileReference; explicitFileType = wrapper.application; includeInIndex = 0; path = ShopSwiftUI.app; sourceTree = BUILT_PRODUCTS_DIR; };
		58BE7A0529BFC37100F9A8DF /* ShopSwiftUIApp.swift */ = {isa = PBXFileReference; lastKnownFileType = sourcecode.swift; path = ShopSwiftUIApp.swift; sourceTree = "<group>"; };
		58BE7A0729BFC37100F9A8DF /* ContentView.swift */ = {isa = PBXFileReference; lastKnownFileType = sourcecode.swift; path = ContentView.swift; sourceTree = "<group>"; };
		58BE7A0929BFC37400F9A8DF /* Assets.xcassets */ = {isa = PBXFileReference; lastKnownFileType = folder.assetcatalog; path = Assets.xcassets; sourceTree = "<group>"; };
		58BE7A0C29BFC37400F9A8DF /* Preview Assets.xcassets */ = {isa = PBXFileReference; lastKnownFileType = folder.assetcatalog; path = "Preview Assets.xcassets"; sourceTree = "<group>"; };
		58BE7A0E29BFC37400F9A8DF /* Persistence.swift */ = {isa = PBXFileReference; lastKnownFileType = sourcecode.swift; path = Persistence.swift; sourceTree = "<group>"; };
		58BE7A1129BFC37400F9A8DF /* ShopSwiftUI.xcdatamodel */ = {isa = PBXFileReference; lastKnownFileType = wrapper.xcdatamodel; path = ShopSwiftUI.xcdatamodel; sourceTree = "<group>"; };
		B7B4FC49A4C318E902D99679 /* Pods_ShopSwiftUI.framework */ = {isa = PBXFileReference; explicitFileType = wrapper.framework; includeInIndex = 0; path = Pods_ShopSwiftUI.framework; sourceTree = BUILT_PRODUCTS_DIR; };
		BF7234578067C54101C2CD8B /* Pods-ShopSwiftUI.debug.xcconfig */ = {isa = PBXFileReference; includeInIndex = 1; lastKnownFileType = text.xcconfig; name = "Pods-ShopSwiftUI.debug.xcconfig"; path = "Target Support Files/Pods-ShopSwiftUI/Pods-ShopSwiftUI.debug.xcconfig"; sourceTree = "<group>"; };
/* End PBXFileReference section */

/* Begin PBXFrameworksBuildPhase section */
		58BE79FF29BFC37100F9A8DF /* Frameworks */ = {
			isa = PBXFrameworksBuildPhase;
			buildActionMask = 2147483647;
			files = (
				53D3EFBDDB8EDA667507B0B8 /* Pods_ShopSwiftUI.framework in Frameworks */,
			);
			runOnlyForDeploymentPostprocessing = 0;
		};
/* End PBXFrameworksBuildPhase section */

/* Begin PBXGroup section */
		58BE79F929BFC37100F9A8DF = {
			isa = PBXGroup;
			children = (
				58BE7A0429BFC37100F9A8DF /* ShopSwiftUI */,
				58BE7A0329BFC37100F9A8DF /* Products */,
				D0910A59D6D3AB76DD270C46 /* Pods */,
				B16D8A20A5ECCD81E49DE5C5 /* Frameworks */,
			);
			sourceTree = "<group>";
		};
		58BE7A0329BFC37100F9A8DF /* Products */ = {
			isa = PBXGroup;
			children = (
				58BE7A0229BFC37100F9A8DF /* ShopSwiftUI.app */,
			);
			name = Products;
			sourceTree = "<group>";
		};
		58BE7A0429BFC37100F9A8DF /* ShopSwiftUI */ = {
			isa = PBXGroup;
			children = (
				58BE7A0529BFC37100F9A8DF /* ShopSwiftUIApp.swift */,
				58BE7A0729BFC37100F9A8DF /* ContentView.swift */,
				58BE7A0929BFC37400F9A8DF /* Assets.xcassets */,
				58BE7A0E29BFC37400F9A8DF /* Persistence.swift */,
				58BE7A1029BFC37400F9A8DF /* ShopSwiftUI.xcdatamodeld */,
				58BE7A0B29BFC37400F9A8DF /* Preview Content */,
			);
			path = ShopSwiftUI;
			sourceTree = "<group>";
		};
		58BE7A0B29BFC37400F9A8DF /* Preview Content */ = {
			isa = PBXGroup;
			children = (
				58BE7A0C29BFC37400F9A8DF /* Preview Assets.xcassets */,
			);
			path = "Preview Content";
			sourceTree = "<group>";
		};
		B16D8A20A5ECCD81E49DE5C5 /* Frameworks */ = {
			isa = PBXGroup;
			children = (
				B7B4FC49A4C318E902D99679 /* Pods_ShopSwiftUI.framework */,
			);
			name = Frameworks;
			sourceTree = "<group>";
		};
		D0910A59D6D3AB76DD270C46 /* Pods */ = {
			isa = PBXGroup;
			children = (
				BF7234578067C54101C2CD8B /* Pods-ShopSwiftUI.debug.xcconfig */,
				053011E9503BF8D2254E3FF5 /* Pods-ShopSwiftUI.release.xcconfig */,
			);
			name = Pods;
			path = Pods;
			sourceTree = "<group>";
		};
/* End PBXGroup section */

/* Begin PBXNativeTarget section */
		58BE7A0129BFC37100F9A8DF /* ShopSwiftUI */ = {
			isa = PBXNativeTarget;
			buildConfigurationList = 58BE7A1529BFC37400F9A8DF /* Build configuration list for PBXNativeTarget "ShopSwiftUI" */;
			buildPhases = (
				30D6D651B0C291D4ECDB750B /* [CP] Check Pods Manifest.lock */,
				58BE79FE29BFC37100F9A8DF /* Sources */,
				58BE79FF29BFC37100F9A8DF /* Frameworks */,
				58BE7A0029BFC37100F9A8DF /* Resources */,
			);
			buildRules = (
			);
			dependencies = (
			);
			name = ShopSwiftUI;
			productName = ShopSwiftUI;
			productReference = 58BE7A0229BFC37100F9A8DF /* ShopSwiftUI.app */;
			productType = "com.apple.product-type.application";
		};
/* End PBXNativeTarget section */

/* Begin PBXProject section */
		58BE79FA29BFC37100F9A8DF /* Project object */ = {
			isa = PBXProject;
			attributes = {
				BuildIndependentTargetsInParallel = 1;
				LastSwiftUpdateCheck = 1400;
				LastUpgradeCheck = 1400;
				TargetAttributes = {
					58BE7A0129BFC37100F9A8DF = {
						CreatedOnToolsVersion = 14.0.1;
					};
				};
			};
			buildConfigurationList = 58BE79FD29BFC37100F9A8DF /* Build configuration list for PBXProject "ShopSwiftUI" */;
			compatibilityVersion = "Xcode 14.0";
			developmentRegion = en;
			hasScannedForEncodings = 0;
			knownRegions = (
				en,
				Base,
			);
			mainGroup = 58BE79F929BFC37100F9A8DF;
			productRefGroup = 58BE7A0329BFC37100F9A8DF /* Products */;
			projectDirPath = "";
			projectRoot = "";
			targets = (
				58BE7A0129BFC37100F9A8DF /* ShopSwiftUI */,
			);
		};
/* End PBXProject section */

/* Begin PBXResourcesBuildPhase section */
		58BE7A0029BFC37100F9A8DF /* Resources */ = {
			isa = PBXResourcesBuildPhase;
			buildActionMask = 2147483647;
			files = (
				58BE7A0D29BFC37400F9A8DF /* Preview Assets.xcassets in Resources */,
				58BE7A0A29BFC37400F9A8DF /* Assets.xcassets in Resources */,
			);
			runOnlyForDeploymentPostprocessing = 0;
		};
/* End PBXResourcesBuildPhase section */

/* Begin PBXShellScriptBuildPhase section */
		30D6D651B0C291D4ECDB750B /* [CP] Check Pods Manifest.lock */ = {
			isa = PBXShellScriptBuildPhase;
			buildActionMask = 2147483647;
			files = (
			);
			inputFileListPaths = (
			);
			inputPaths = (
				"${PODS_PODFILE_DIR_PATH}/Podfile.lock",
				"${PODS_ROOT}/Manifest.lock",
			);
			name = "[CP] Check Pods Manifest.lock";
			outputFileListPaths = (
			);
			outputPaths = (
				"$(DERIVED_FILE_DIR)/Pods-ShopSwiftUI-checkManifestLockResult.txt",
			);
			runOnlyForDeploymentPostprocessing = 0;
			shellPath = /bin/sh;
			shellScript = "diff \"${PODS_PODFILE_DIR_PATH}/Podfile.lock\" \"${PODS_ROOT}/Manifest.lock\" > /dev/null\nif [ $? != 0 ] ; then\n    # print error to STDERR\n    echo \"error: The sandbox is not in sync with the Podfile.lock. Run 'pod install' or update your CocoaPods installation.\" >&2\n    exit 1\nfi\n# This output is used by Xcode 'outputs' to avoid re-running this script phase.\necho \"SUCCESS\" > \"${SCRIPT_OUTPUT_FILE_0}\"\n";
			showEnvVarsInLog = 0;
		};
/* End PBXShellScriptBuildPhase section */

/* Begin PBXSourcesBuildPhase section */
		58BE79FE29BFC37100F9A8DF /* Sources */ = {
			isa = PBXSourcesBuildPhase;
			buildActionMask = 2147483647;
			files = (
				58BE7A0F29BFC37400F9A8DF /* Persistence.swift in Sources */,
				58BE7A1229BFC37400F9A8DF /* ShopSwiftUI.xcdatamodeld in Sources */,
				58BE7A0829BFC37100F9A8DF /* ContentView.swift in Sources */,
				58BE7A0629BFC37100F9A8DF /* ShopSwiftUIApp.swift in Sources */,
			);
			runOnlyForDeploymentPostprocessing = 0;
		};
/* End PBXSourcesBuildPhase section */

/* Begin XCBuildConfiguration section */
		58BE7A1329BFC37400F9A8DF /* Debug */ = {
			isa = XCBuildConfiguration;
			buildSettings = {
				ALWAYS_SEARCH_USER_PATHS = NO;
				CLANG_ANALYZER_NONNULL = YES;
				CLANG_ANALYZER_NUMBER_OBJECT_CONVERSION = YES_AGGRESSIVE;
				CLANG_CXX_LANGUAGE_STANDARD = "gnu++20";
				CLANG_ENABLE_MODULES = YES;
				CLANG_ENABLE_OBJC_ARC = YES;
				CLANG_ENABLE_OBJC_WEAK = YES;
				CLANG_WARN_BLOCK_CAPTURE_AUTORELEASING = YES;
				CLANG_WARN_BOOL_CONVERSION = YES;
				CLANG_WARN_COMMA = YES;
				CLANG_WARN_CONSTANT_CONVERSION = YES;
				CLANG_WARN_DEPRECATED_OBJC_IMPLEMENTATIONS = YES;
				CLANG_WARN_DIRECT_OBJC_ISA_USAGE = YES_ERROR;
				CLANG_WARN_DOCUMENTATION_COMMENTS = YES;
				CLANG_WARN_EMPTY_BODY = YES;
				CLANG_WARN_ENUM_CONVERSION = YES;
				CLANG_WARN_INFINITE_RECURSION = YES;
				CLANG_WARN_INT_CONVERSION = YES;
				CLANG_WARN_NON_LITERAL_NULL_CONVERSION = YES;
				CLANG_WARN_OBJC_IMPLICIT_RETAIN_SELF = YES;
				CLANG_WARN_OBJC_LITERAL_CONVERSION = YES;
				CLANG_WARN_OBJC_ROOT_CLASS = YES_ERROR;
				CLANG_WARN_QUOTED_INCLUDE_IN_FRAMEWORK_HEADER = YES;
				CLANG_WARN_RANGE_LOOP_ANALYSIS = YES;
				CLANG_WARN_STRICT_PROTOTYPES = YES;
				CLANG_WARN_SUSPICIOUS_MOVE = YES;
				CLANG_WARN_UNGUARDED_AVAILABILITY = YES_AGGRESSIVE;
				CLANG_WARN_UNREACHABLE_CODE = YES;
				CLANG_WARN__DUPLICATE_METHOD_MATCH = YES;
				COPY_PHASE_STRIP = NO;
				DEBUG_INFORMATION_FORMAT = dwarf;
				ENABLE_STRICT_OBJC_MSGSEND = YES;
				ENABLE_TESTABILITY = YES;
				GCC_C_LANGUAGE_STANDARD = gnu11;
				GCC_DYNAMIC_NO_PIC = NO;
				GCC_NO_COMMON_BLOCKS = YES;
				GCC_OPTIMIZATION_LEVEL = 0;
				GCC_PREPROCESSOR_DEFINITIONS = (
					"DEBUG=1",
					"$(inherited)",
				);
				GCC_WARN_64_TO_32_BIT_CONVERSION = YES;
				GCC_WARN_ABOUT_RETURN_TYPE = YES_ERROR;
				GCC_WARN_UNDECLARED_SELECTOR = YES;
				GCC_WARN_UNINITIALIZED_AUTOS = YES_AGGRESSIVE;
				GCC_WARN_UNUSED_FUNCTION = YES;
				GCC_WARN_UNUSED_VARIABLE = YES;
				IPHONEOS_DEPLOYMENT_TARGET = 16.0;
				MTL_ENABLE_DEBUG_INFO = INCLUDE_SOURCE;
				MTL_FAST_MATH = YES;
				ONLY_ACTIVE_ARCH = YES;
				SDKROOT = iphoneos;
				SWIFT_ACTIVE_COMPILATION_CONDITIONS = DEBUG;
				SWIFT_OPTIMIZATION_LEVEL = "-Onone";
			};
			name = Debug;
		};
		58BE7A1429BFC37400F9A8DF /* Release */ = {
			isa = XCBuildConfiguration;
			buildSettings = {
				ALWAYS_SEARCH_USER_PATHS = NO;
				CLANG_ANALYZER_NONNULL = YES;
				CLANG_ANALYZER_NUMBER_OBJECT_CONVERSION = YES_AGGRESSIVE;
				CLANG_CXX_LANGUAGE_STANDARD = "gnu++20";
				CLANG_ENABLE_MODULES = YES;
				CLANG_ENABLE_OBJC_ARC = YES;
				CLANG_ENABLE_OBJC_WEAK = YES;
				CLANG_WARN_BLOCK_CAPTURE_AUTORELEASING = YES;
				CLANG_WARN_BOOL_CONVERSION = YES;
				CLANG_WARN_COMMA = YES;
				CLANG_WARN_CONSTANT_CONVERSION = YES;
				CLANG_WARN_DEPRECATED_OBJC_IMPLEMENTATIONS = YES;
				CLANG_WARN_DIRECT_OBJC_ISA_USAGE = YES_ERROR;
				CLANG_WARN_DOCUMENTATION_COMMENTS = YES;
				CLANG_WARN_EMPTY_BODY = YES;
				CLANG_WARN_ENUM_CONVERSION = YES;
				CLANG_WARN_INFINITE_RECURSION = YES;
				CLANG_WARN_INT_CONVERSION = YES;
				CLANG_WARN_NON_LITERAL_NULL_CONVERSION = YES;
				CLANG_WARN_OBJC_IMPLICIT_RETAIN_SELF = YES;
				CLANG_WARN_OBJC_LITERAL_CONVERSION = YES;
				CLANG_WARN_OBJC_ROOT_CLASS = YES_ERROR;
				CLANG_WARN_QUOTED_INCLUDE_IN_FRAMEWORK_HEADER = YES;
				CLANG_WARN_RANGE_LOOP_ANALYSIS = YES;
				CLANG_WARN_STRICT_PROTOTYPES = YES;
				CLANG_WARN_SUSPICIOUS_MOVE = YES;
				CLANG_WARN_UNGUARDED_AVAILABILITY = YES_AGGRESSIVE;
				CLANG_WARN_UNREACHABLE_CODE = YES;
				CLANG_WARN__DUPLICATE_METHOD_MATCH = YES;
				COPY_PHASE_STRIP = NO;
				DEBUG_INFORMATION_FORMAT = "dwarf-with-dsym";
				ENABLE_NS_ASSERTIONS = NO;
				ENABLE_STRICT_OBJC_MSGSEND = YES;
				GCC_C_LANGUAGE_STANDARD = gnu11;
				GCC_NO_COMMON_BLOCKS = YES;
				GCC_WARN_64_TO_32_BIT_CONVERSION = YES;
				GCC_WARN_ABOUT_RETURN_TYPE = YES_ERROR;
				GCC_WARN_UNDECLARED_SELECTOR = YES;
				GCC_WARN_UNINITIALIZED_AUTOS = YES_AGGRESSIVE;
				GCC_WARN_UNUSED_FUNCTION = YES;
				GCC_WARN_UNUSED_VARIABLE = YES;
				IPHONEOS_DEPLOYMENT_TARGET = 16.0;
				MTL_ENABLE_DEBUG_INFO = NO;
				MTL_FAST_MATH = YES;
				SDKROOT = iphoneos;
				SWIFT_COMPILATION_MODE = wholemodule;
				SWIFT_OPTIMIZATION_LEVEL = "-O";
				VALIDATE_PRODUCT = YES;
			};
			name = Release;
		};
		58BE7A1629BFC37400F9A8DF /* Debug */ = {
			isa = XCBuildConfiguration;
			baseConfigurationReference = BF7234578067C54101C2CD8B /* Pods-ShopSwiftUI.debug.xcconfig */;
			buildSettings = {
				ASSETCATALOG_COMPILER_APPICON_NAME = AppIcon;
				ASSETCATALOG_COMPILER_GLOBAL_ACCENT_COLOR_NAME = AccentColor;
				CODE_SIGN_STYLE = Automatic;
				CURRENT_PROJECT_VERSION = 1;
				DEVELOPMENT_ASSET_PATHS = "\"ShopSwiftUI/Preview Content\"";
				ENABLE_PREVIEWS = YES;
				GENERATE_INFOPLIST_FILE = YES;
				INFOPLIST_KEY_UIApplicationSceneManifest_Generation = YES;
				INFOPLIST_KEY_UIApplicationSupportsIndirectInputEvents = YES;
				INFOPLIST_KEY_UILaunchScreen_Generation = YES;
				INFOPLIST_KEY_UISupportedInterfaceOrientations_iPad = "UIInterfaceOrientationPortrait UIInterfaceOrientationPortraitUpsideDown UIInterfaceOrientationLandscapeLeft UIInterfaceOrientationLandscapeRight";
				INFOPLIST_KEY_UISupportedInterfaceOrientations_iPhone = "UIInterfaceOrientationPortrait UIInterfaceOrientationLandscapeLeft UIInterfaceOrientationLandscapeRight";
				LD_RUNPATH_SEARCH_PATHS = (
					"$(inherited)",
					"@executable_path/Frameworks",
				);
				MARKETING_VERSION = 1.0;
				PRODUCT_BUNDLE_IDENTIFIER = Volodya.ShopSwiftUI;
				PRODUCT_NAME = "$(TARGET_NAME)";
				SWIFT_EMIT_LOC_STRINGS = YES;
				SWIFT_VERSION = 5.0;
				TARGETED_DEVICE_FAMILY = "1,2";
			};
			name = Debug;
		};
		58BE7A1729BFC37400F9A8DF /* Release */ = {
			isa = XCBuildConfiguration;
			baseConfigurationReference = 053011E9503BF8D2254E3FF5 /* Pods-ShopSwiftUI.release.xcconfig */;
			buildSettings = {
				ASSETCATALOG_COMPILER_APPICON_NAME = AppIcon;
				ASSETCATALOG_COMPILER_GLOBAL_ACCENT_COLOR_NAME = AccentColor;
				CODE_SIGN_STYLE = Automatic;
				CURRENT_PROJECT_VERSION = 1;
				DEVELOPMENT_ASSET_PATHS = "\"ShopSwiftUI/Preview Content\"";
				ENABLE_PREVIEWS = YES;
				GENERATE_INFOPLIST_FILE = YES;
				INFOPLIST_KEY_UIApplicationSceneManifest_Generation = YES;
				INFOPLIST_KEY_UIApplicationSupportsIndirectInputEvents = YES;
				INFOPLIST_KEY_UILaunchScreen_Generation = YES;
				INFOPLIST_KEY_UISupportedInterfaceOrientations_iPad = "UIInterfaceOrientationPortrait UIInterfaceOrientationPortraitUpsideDown UIInterfaceOrientationLandscapeLeft UIInterfaceOrientationLandscapeRight";
				INFOPLIST_KEY_UISupportedInterfaceOrientations_iPhone = "UIInterfaceOrientationPortrait UIInterfaceOrientationLandscapeLeft UIInterfaceOrientationLandscapeRight";
				LD_RUNPATH_SEARCH_PATHS = (
					"$(inherited)",
					"@executable_path/Frameworks",
				);
				MARKETING_VERSION = 1.0;
				PRODUCT_BUNDLE_IDENTIFIER = Volodya.ShopSwiftUI;
				PRODUCT_NAME = "$(TARGET_NAME)";
				SWIFT_EMIT_LOC_STRINGS = YES;
				SWIFT_VERSION = 5.0;
				TARGETED_DEVICE_FAMILY = "1,2";
			};
			name = Release;
		};
/* End XCBuildConfiguration section */

/* Begin XCConfigurationList section */
		58BE79FD29BFC37100F9A8DF /* Build configuration list for PBXProject "ShopSwiftUI" */ = {
			isa = XCConfigurationList;
			buildConfigurations = (
				58BE7A1329BFC37400F9A8DF /* Debug */,
				58BE7A1429BFC37400F9A8DF /* Release */,
			);
			defaultConfigurationIsVisible = 0;
			defaultConfigurationName = Release;
		};
		58BE7A1529BFC37400F9A8DF /* Build configuration list for PBXNativeTarget "ShopSwiftUI" */ = {
			isa = XCConfigurationList;
			buildConfigurations = (
				58BE7A1629BFC37400F9A8DF /* Debug */,
				58BE7A1729BFC37400F9A8DF /* Release */,
			);
			defaultConfigurationIsVisible = 0;
			defaultConfigurationName = Release;
		};
/* End XCConfigurationList section */

/* Begin XCVersionGroup section */
		58BE7A1029BFC37400F9A8DF /* ShopSwiftUI.xcdatamodeld */ = {
			isa = XCVersionGroup;
			children = (
				58BE7A1129BFC37400F9A8DF /* ShopSwiftUI.xcdatamodel */,
			);
			currentVersion = 58BE7A1129BFC37400F9A8DF /* ShopSwiftUI.xcdatamodel */;
			path = ShopSwiftUI.xcdatamodeld;
			sourceTree = "<group>";
			versionGroupType = wrapper.xcdatamodel;
		};
/* End XCVersionGroup section */
	};
	rootObject = 58BE79FA29BFC37100F9A8DF /* Project object */;
}
